
Microsoft Visual Studio Solution File, Format Version 12.00
# Visual Studio Version 16
VisualStudioVersion = 16.0.33027.164
MinimumVisualStudioVersion = 10.0.40219.1
Project("{9A19103F-16F7-4668-BE54-9A1E7A4F7556}") = "RobotGame", "RobotGame\RobotGame.csproj", "{FA9BD9B7-0B1F-427A-BE80-C565DBE47380}"
EndProject
Project("{FAE04EC0-301F-11D3-BF4B-00C04F79EFBC}") = "TestProject2", "TestProject2\TestProject2.csproj", "{C6BADAA0-B970-4F86-99CA-27CF4D708685}"
EndProject
Global
	GlobalSection(SolutionConfigurationPlatforms) = preSolution
		Debug|Any CPU = Debug|Any CPU
		Release|Any CPU = Release|Any CPU
	EndGlobalSection
	GlobalSection(ProjectConfigurationPlatforms) = postSolution
		{FA9BD9B7-0B1F-427A-BE80-C565DBE47380}.Debug|Any CPU.ActiveCfg = Debug|Any CPU
		{FA9BD9B7-0B1F-427A-BE80-C565DBE47380}.Debug|Any CPU.Build.0 = Debug|Any CPU
		{FA9BD9B7-0B1F-427A-BE80-C565DBE47380}.Release|Any CPU.ActiveCfg = Release|Any CPU
		{FA9BD9B7-0B1F-427A-BE80-C565DBE47380}.Release|Any CPU.Build.0 = Release|Any CPU
		{C6BADAA0-B970-4F86-99CA-27CF4D708685}.Debug|Any CPU.ActiveCfg = Debug|Any CPU
		{C6BADAA0-B970-4F86-99CA-27CF4D708685}.Debug|Any CPU.Build.0 = Debug|Any CPU
		{C6BADAA0-B970-4F86-99CA-27CF4D708685}.Release|Any CPU.ActiveCfg = Release|Any CPU
		{C6BADAA0-B970-4F86-99CA-27CF4D708685}.Release|Any CPU.Build.0 = Release|Any CPU
	EndGlobalSection
	GlobalSection(SolutionProperties) = preSolution
		HideSolutionNode = FALSE
	EndGlobalSection
	GlobalSection(ExtensibilityGlobals) = postSolution
		SolutionGuid = {8553DADA-66CC-4B2B-8A72-D31B9225D6EE}
	EndGlobalSection
EndGlobal
